
Microsoft Visual Studio Solution File, Format Version 12.00
# Visual Studio Version 17
VisualStudioVersion = 17.11.35327.3
MinimumVisualStudioVersion = 10.0.40219.1
Project("{FAE04EC0-301F-11D3-BF4B-00C04F79EFBC}") = "ConsoleApp1", "ConsoleApp1\ConsoleApp1.csproj", "{DF617B27-C07F-4D0B-B031-3E6BF8F86E6A}"
EndProject
Global
	GlobalSection(SolutionConfigurationPlatforms) = preSolution
		Debug|Any CPU = Debug|Any CPU
		Release|Any CPU = Release|Any CPU
	EndGlobalSection
	GlobalSection(ProjectConfigurationPlatforms) = postSolution
		{DF617B27-C07F-4D0B-B031-3E6BF8F86E6A}.Debug|Any CPU.ActiveCfg = Debug|Any CPU
		{DF617B27-C07F-4D0B-B031-3E6BF8F86E6A}.Debug|Any CPU.Build.0 = Debug|Any CPU
		{DF617B27-C07F-4D0B-B031-3E6BF8F86E6A}.Release|Any CPU.ActiveCfg = Release|Any CPU
		{DF617B27-C07F-4D0B-B031-3E6BF8F86E6A}.Release|Any CPU.Build.0 = Release|Any CPU
	EndGlobalSection
	GlobalSection(SolutionProperties) = preSolution
		HideSolutionNode = FALSE
	EndGlobalSection
	GlobalSection(ExtensibilityGlobals) = postSolution
		SolutionGuid = {B9967BAD-E836-487A-89D2-279D161B5506}
	EndGlobalSection
EndGlobal
